
Microsoft Visual Studio Solution File, Format Version 12.00
# Visual Studio Version 17
VisualStudioVersion = 17.8.34525.116
MinimumVisualStudioVersion = 10.0.40219.1
Project("{FAE04EC0-301F-11D3-BF4B-00C04F79EFBC}") = "KidKinder", "KidKinder\KidKinder.csproj", "{136CD395-B0BE-40F1-B323-D237858860DE}"
EndProject
Global
	GlobalSection(SolutionConfigurationPlatforms) = preSolution
		Debug|Any CPU = Debug|Any CPU
		Release|Any CPU = Release|Any CPU
	EndGlobalSection
	GlobalSection(ProjectConfigurationPlatforms) = postSolution
		{136CD395-B0BE-40F1-B323-D237858860DE}.Debug|Any CPU.ActiveCfg = Debug|Any CPU
		{136CD395-B0BE-40F1-B323-D237858860DE}.Debug|Any CPU.Build.0 = Debug|Any CPU
		{136CD395-B0BE-40F1-B323-D237858860DE}.Release|Any CPU.ActiveCfg = Release|Any CPU
		{136CD395-B0BE-40F1-B323-D237858860DE}.Release|Any CPU.Build.0 = Release|Any CPU
	EndGlobalSection
	GlobalSection(SolutionProperties) = preSolution
		HideSolutionNode = FALSE
	EndGlobalSection
	GlobalSection(ExtensibilityGlobals) = postSolution
		SolutionGuid = {CAFF92AB-AA1B-4BE9-B89E-63C44E47B52A}
	EndGlobalSection
EndGlobal
